
Microsoft Visual Studio Solution File, Format Version 12.00
# Visual Studio Version 16
VisualStudioVersion = 16.0.30523.141
MinimumVisualStudioVersion = 10.0.40219.1
Project("{FAE04EC0-301F-11D3-BF4B-00C04F79EFBC}") = "Entities", "Entities\Entities.csproj", "{3E26A5A4-FD91-4C3B-AB76-9843FF80EBB2}"
EndProject
Project("{FAE04EC0-301F-11D3-BF4B-00C04F79EFBC}") = "Business", "Business\Business.csproj", "{A10A2A31-4AA3-4013-8673-9D01611A667D}"
EndProject
Project("{FAE04EC0-301F-11D3-BF4B-00C04F79EFBC}") = "Core", "Core\Core.csproj", "{B1E8F835-C47E-40D9-B585-C1DA4CF712D0}"
EndProject
Project("{FAE04EC0-301F-11D3-BF4B-00C04F79EFBC}") = "DataAccess", "DataAccess\DataAccess.csproj", "{1FCAFBE2-3ED6-443C-86D3-3F75B59F9EAA}"
EndProject
Project("{FAE04EC0-301F-11D3-BF4B-00C04F79EFBC}") = "ChallengeWebUI", "ChallengeWebUI\ChallengeWebUI.csproj", "{80312A8B-9F29-4CFC-8E32-D3BAB14275F3}"
EndProject
Global
	GlobalSection(SolutionConfigurationPlatforms) = preSolution
		Debug|Any CPU = Debug|Any CPU
		Release|Any CPU = Release|Any CPU
	EndGlobalSection
	GlobalSection(ProjectConfigurationPlatforms) = postSolution
		{3E26A5A4-FD91-4C3B-AB76-9843FF80EBB2}.Debug|Any CPU.ActiveCfg = Debug|Any CPU
		{3E26A5A4-FD91-4C3B-AB76-9843FF80EBB2}.Debug|Any CPU.Build.0 = Debug|Any CPU
		{3E26A5A4-FD91-4C3B-AB76-9843FF80EBB2}.Release|Any CPU.ActiveCfg = Release|Any CPU
		{3E26A5A4-FD91-4C3B-AB76-9843FF80EBB2}.Release|Any CPU.Build.0 = Release|Any CPU
		{A10A2A31-4AA3-4013-8673-9D01611A667D}.Debug|Any CPU.ActiveCfg = Debug|Any CPU
		{A10A2A31-4AA3-4013-8673-9D01611A667D}.Debug|Any CPU.Build.0 = Debug|Any CPU
		{A10A2A31-4AA3-4013-8673-9D01611A667D}.Release|Any CPU.ActiveCfg = Release|Any CPU
		{A10A2A31-4AA3-4013-8673-9D01611A667D}.Release|Any CPU.Build.0 = Release|Any CPU
		{B1E8F835-C47E-40D9-B585-C1DA4CF712D0}.Debug|Any CPU.ActiveCfg = Debug|Any CPU
		{B1E8F835-C47E-40D9-B585-C1DA4CF712D0}.Debug|Any CPU.Build.0 = Debug|Any CPU
		{B1E8F835-C47E-40D9-B585-C1DA4CF712D0}.Release|Any CPU.ActiveCfg = Release|Any CPU
		{B1E8F835-C47E-40D9-B585-C1DA4CF712D0}.Release|Any CPU.Build.0 = Release|Any CPU
		{1FCAFBE2-3ED6-443C-86D3-3F75B59F9EAA}.Debug|Any CPU.ActiveCfg = Debug|Any CPU
		{1FCAFBE2-3ED6-443C-86D3-3F75B59F9EAA}.Debug|Any CPU.Build.0 = Debug|Any CPU
		{1FCAFBE2-3ED6-443C-86D3-3F75B59F9EAA}.Release|Any CPU.ActiveCfg = Release|Any CPU
		{1FCAFBE2-3ED6-443C-86D3-3F75B59F9EAA}.Release|Any CPU.Build.0 = Release|Any CPU
		{80312A8B-9F29-4CFC-8E32-D3BAB14275F3}.Debug|Any CPU.ActiveCfg = Debug|Any CPU
		{80312A8B-9F29-4CFC-8E32-D3BAB14275F3}.Debug|Any CPU.Build.0 = Debug|Any CPU
		{80312A8B-9F29-4CFC-8E32-D3BAB14275F3}.Release|Any CPU.ActiveCfg = Release|Any CPU
		{80312A8B-9F29-4CFC-8E32-D3BAB14275F3}.Release|Any CPU.Build.0 = Release|Any CPU
	EndGlobalSection
	GlobalSection(SolutionProperties) = preSolution
		HideSolutionNode = FALSE
	EndGlobalSection
	GlobalSection(ExtensibilityGlobals) = postSolution
		SolutionGuid = {5824FE7C-0DCE-4F08-8ADC-57671571262E}
	EndGlobalSection
EndGlobal
